<?xml version="1.0" encoding="UTF-8"?>
<CodeBlocks_project_file>
	<FileVersion major="1" minor="6"/>
	<Project>
		<Option title="OSC-test"/>
		<Option makefile_is_custom="1"/>
		<Option compiler="gcc"/>
		<Option virtualFolders="CMake Files\;CMake Files\..\;CMake Files\..\..\;CMake Files\..\..\..\;CMake Files\..\..\..\..\;CMake Files\..\..\..\..\usr\;CMake Files\..\..\..\..\usr\local\;CMake Files\..\..\..\..\usr\local\lib\;CMake Files\..\..\..\..\usr\local\lib\cmake\;CMake Files\..\..\..\..\usr\local\lib\cmake\liblo\;"/>
		<Build>
			<Target title="all">
				<Option working_dir="/Users/violinsimma/CLionProjects/OSC-test"/>
				<Option type="4"/>
				<MakeCommands>
					<Build command="/usr/bin/make -f &quot;/Users/violinsimma/CLionProjects/OSC-test/Makefile&quot;  VERBOSE=1 all"/>
					<CompileFile command="/usr/bin/make -f &quot;/Users/violinsimma/CLionProjects/OSC-test/Makefile&quot;  VERBOSE=1 &quot;$file&quot;"/>
					<Clean command="/usr/bin/make -f &quot;/Users/violinsimma/CLionProjects/OSC-test/Makefile&quot;  VERBOSE=1 clean"/>
					<DistClean command="/usr/bin/make -f &quot;/Users/violinsimma/CLionProjects/OSC-test/Makefile&quot;  VERBOSE=1 clean"/>
				</MakeCommands>
			</Target>
			<Target title="rebuild_cache">
				<Option working_dir="/Users/violinsimma/CLionProjects/OSC-test"/>
				<Option type="4"/>
				<MakeCommands>
					<Build command="/usr/bin/make -f &quot;/Users/violinsimma/CLionProjects/OSC-test/Makefile&quot;  VERBOSE=1 rebuild_cache"/>
					<CompileFile command="/usr/bin/make -f &quot;/Users/violinsimma/CLionProjects/OSC-test/Makefile&quot;  VERBOSE=1 &quot;$file&quot;"/>
					<Clean command="/usr/bin/make -f &quot;/Users/violinsimma/CLionProjects/OSC-test/Makefile&quot;  VERBOSE=1 clean"/>
					<DistClean command="/usr/bin/make -f &quot;/Users/violinsimma/CLionProjects/OSC-test/Makefile&quot;  VERBOSE=1 clean"/>
				</MakeCommands>
			</Target>
			<Target title="edit_cache">
				<Option working_dir="/Users/violinsimma/CLionProjects/OSC-test"/>
				<Option type="4"/>
				<MakeCommands>
					<Build command="/usr/bin/make -f &quot;/Users/violinsimma/CLionProjects/OSC-test/Makefile&quot;  VERBOSE=1 edit_cache"/>
					<CompileFile command="/usr/bin/make -f &quot;/Users/violinsimma/CLionProjects/OSC-test/Makefile&quot;  VERBOSE=1 &quot;$file&quot;"/>
					<Clean command="/usr/bin/make -f &quot;/Users/violinsimma/CLionProjects/OSC-test/Makefile&quot;  VERBOSE=1 clean"/>
					<DistClean command="/usr/bin/make -f &quot;/Users/violinsimma/CLionProjects/OSC-test/Makefile&quot;  VERBOSE=1 clean"/>
				</MakeCommands>
			</Target>
			<Target title="OSC-test">
				<Option output="/Users/violinsimma/CLionProjects/OSC-test/OSC-test" prefix_auto="0" extension_auto="0"/>
				<Option working_dir="/Users/violinsimma/CLionProjects/OSC-test"/>
				<Option object_output="./"/>
				<Option type="1"/>
				<Option compiler="gcc"/>
				<Compiler>
					<Add directory="/usr/local/include"/>
				</Compiler>
				<MakeCommands>
					<Build command="/usr/bin/make -f &quot;/Users/violinsimma/CLionProjects/OSC-test/Makefile&quot;  VERBOSE=1 OSC-test"/>
					<CompileFile command="/usr/bin/make -f &quot;/Users/violinsimma/CLionProjects/OSC-test/Makefile&quot;  VERBOSE=1 &quot;$file&quot;"/>
					<Clean command="/usr/bin/make -f &quot;/Users/violinsimma/CLionProjects/OSC-test/Makefile&quot;  VERBOSE=1 clean"/>
					<DistClean command="/usr/bin/make -f &quot;/Users/violinsimma/CLionProjects/OSC-test/Makefile&quot;  VERBOSE=1 clean"/>
				</MakeCommands>
			</Target>
			<Target title="OSC-test/fast">
				<Option output="/Users/violinsimma/CLionProjects/OSC-test/OSC-test" prefix_auto="0" extension_auto="0"/>
				<Option working_dir="/Users/violinsimma/CLionProjects/OSC-test"/>
				<Option object_output="./"/>
				<Option type="1"/>
				<Option compiler="gcc"/>
				<Compiler>
					<Add directory="/usr/local/include"/>
				</Compiler>
				<MakeCommands>
					<Build command="/usr/bin/make -f &quot;/Users/violinsimma/CLionProjects/OSC-test/Makefile&quot;  VERBOSE=1 OSC-test/fast"/>
					<CompileFile command="/usr/bin/make -f &quot;/Users/violinsimma/CLionProjects/OSC-test/Makefile&quot;  VERBOSE=1 &quot;$file&quot;"/>
					<Clean command="/usr/bin/make -f &quot;/Users/violinsimma/CLionProjects/OSC-test/Makefile&quot;  VERBOSE=1 clean"/>
					<DistClean command="/usr/bin/make -f &quot;/Users/violinsimma/CLionProjects/OSC-test/Makefile&quot;  VERBOSE=1 clean"/>
				</MakeCommands>
			</Target>
		</Build>
		<Unit filename="/Users/violinsimma/CLionProjects/OSC-test/DS.h">
			<Option target="OSC-test"/>
		</Unit>
		<Unit filename="/Users/violinsimma/CLionProjects/OSC-test/NotePosition.cpp">
			<Option target="OSC-test"/>
		</Unit>
		<Unit filename="/Users/violinsimma/CLionProjects/OSC-test/NotePosition.h">
			<Option target="OSC-test"/>
		</Unit>
		<Unit filename="/Users/violinsimma/CLionProjects/OSC-test/OSCReceiver.cpp">
			<Option target="OSC-test"/>
		</Unit>
		<Unit filename="/Users/violinsimma/CLionProjects/OSC-test/OSCReceiver.h">
			<Option target="OSC-test"/>
		</Unit>
		<Unit filename="/Users/violinsimma/CLionProjects/OSC-test/Striker.cpp">
			<Option target="OSC-test"/>
		</Unit>
		<Unit filename="/Users/violinsimma/CLionProjects/OSC-test/Striker.h">
			<Option target="OSC-test"/>
		</Unit>
		<Unit filename="/Users/violinsimma/CLionProjects/OSC-test/StrikerController.cpp">
			<Option target="OSC-test"/>
		</Unit>
		<Unit filename="/Users/violinsimma/CLionProjects/OSC-test/StrikerController.h">
			<Option target="OSC-test"/>
		</Unit>
		<Unit filename="/Users/violinsimma/CLionProjects/OSC-test/main.cpp">
			<Option target="OSC-test"/>
		</Unit>
		<Unit filename="/Users/violinsimma/CLionProjects/OSC-test/CMakeLists.txt">
			<Option virtualFolder="CMake Files\"/>
		</Unit>
		<Unit filename="/Users/violinsimma/CLionProjects/OSC-test/../../../../usr/local/lib/cmake/liblo/libloConfig.cmake">
			<Option virtualFolder="CMake Files\..\..\..\..\usr\local\lib\cmake\liblo\"/>
		</Unit>
	</Project>
</CodeBlocks_project_file>
